
Microsoft Visual Studio Solution File, Format Version 12.00
# Visual Studio 15
VisualStudioVersion = 15.0.28307.102
MinimumVisualStudioVersion = 10.0.40219.1
Project("{FAE04EC0-301F-11D3-BF4B-00C04F79EFBC}") = "SmartTrash", "SmartTrash\SmartTrash.csproj", "{B3F11CD2-9C0B-48DC-BC3C-9BF2DE4C562E}"
EndProject
Global
	GlobalSection(SolutionConfigurationPlatforms) = preSolution
		Debug|Any CPU = Debug|Any CPU
		Release|Any CPU = Release|Any CPU
	EndGlobalSection
	GlobalSection(ProjectConfigurationPlatforms) = postSolution
		{B3F11CD2-9C0B-48DC-BC3C-9BF2DE4C562E}.Debug|Any CPU.ActiveCfg = Debug|Any CPU
		{B3F11CD2-9C0B-48DC-BC3C-9BF2DE4C562E}.Debug|Any CPU.Build.0 = Debug|Any CPU
		{B3F11CD2-9C0B-48DC-BC3C-9BF2DE4C562E}.Release|Any CPU.ActiveCfg = Release|Any CPU
		{B3F11CD2-9C0B-48DC-BC3C-9BF2DE4C562E}.Release|Any CPU.Build.0 = Release|Any CPU
	EndGlobalSection
	GlobalSection(SolutionProperties) = preSolution
		HideSolutionNode = FALSE
	EndGlobalSection
	GlobalSection(ExtensibilityGlobals) = postSolution
		SolutionGuid = {3F5D2FA1-77B4-4BFA-A82E-CC24DE2264D0}
	EndGlobalSection
EndGlobal
